{
  "version": 4,
  "terraform_version": "1.14.8",
  "serial": 13,
  "lineage": "597d474b-5d7e-5b12-84aa-20080fb3f8c6",
  "outputs": {
    "insight_token_url": {
      "value": "https://insight-token-b5mjto3bjq-uc.a.run.app",
      "type": "string"
    },
    "token_completion_subscription": {
      "value": "whisper-completion-sub",
      "type": "string"
    }
  },
  "resources": [
    {
      "mode": "managed",
      "type": "google_cloud_run_v2_service",
      "name": "insight_token",
      "provider": "provider[\"registry.terraform.io/hashicorp/google\"]",
      "instances": [
        {
          "schema_version": 0,
          "attributes": {
            "annotations": {},
            "binary_authorization": [],
            "client": "",
            "client_version": "",
            "conditions": [
              {
                "execution_reason": "",
                "last_transition_time": "2026-04-10T18:27:07.133163Z",
                "message": "",
                "reason": "",
                "revision_reason": "",
                "severity": "",
                "state": "CONDITION_SUCCEEDED",
                "type": "RoutesReady"
              },
              {
                "execution_reason": "",
                "last_transition_time": "2026-04-10T18:26:44.117562Z",
                "message": "",
                "reason": "",
                "revision_reason": "",
                "severity": "",
                "state": "CONDITION_SUCCEEDED",
                "type": "ConfigurationsReady"
              }
            ],
            "create_time": "2026-04-10T18:16:24.259112Z",
            "creator": "semianulus@gmail.com",
            "custom_audiences": [],
            "delete_time": "",
            "description": "",
            "effective_annotations": {},
            "effective_labels": {},
            "etag": "\"COOB5c4GELDW4J8D/cHJvamVjdHMvY3JlYXRvci1kNG0tMjAyNi0xNzc0MDM4MDU2L2xvY2F0aW9ucy91cy1jZW50cmFsMS9zZXJ2aWNlcy9pbnNpZ2h0LXRva2Vu\"",
            "expire_time": "",
            "generation": "2",
            "id": "projects/creator-d4m-2026-1774038056/locations/us-central1/services/insight-token",
            "ingress": "INGRESS_TRAFFIC_ALL",
            "labels": {},
            "last_modifier": "semianulus@gmail.com",
            "latest_created_revision": "projects/creator-d4m-2026-1774038056/locations/us-central1/services/insight-token/revisions/insight-token-00002-d5m",
            "latest_ready_revision": "projects/creator-d4m-2026-1774038056/locations/us-central1/services/insight-token/revisions/insight-token-00002-d5m",
            "launch_stage": "GA",
            "location": "us-central1",
            "name": "insight-token",
            "observed_generation": "2",
            "project": "creator-d4m-2026-1774038056",
            "reconciling": false,
            "template": [
              {
                "annotations": {},
                "containers": [
                  {
                    "args": [],
                    "command": [],
                    "depends_on": [],
                    "env": [
                      {
                        "name": "SPACY_MODEL",
                        "value": "en_core_web_sm",
                        "value_source": []
                      }
                    ],
                    "image": "us-central1-docker.pkg.dev/creator-d4m-2026-1774038056/insight-repo/insight-token:latest",
                    "liveness_probe": [],
                    "name": "",
                    "ports": [
                      {
                        "container_port": 8080,
                        "name": "http1"
                      }
                    ],
                    "resources": [
                      {
                        "cpu_idle": false,
                        "limits": {
                          "cpu": "2",
                          "memory": "1Gi"
                        },
                        "startup_cpu_boost": false
                      }
                    ],
                    "startup_probe": [
                      {
                        "failure_threshold": 1,
                        "grpc": [],
                        "http_get": [],
                        "initial_delay_seconds": 0,
                        "period_seconds": 240,
                        "tcp_socket": [
                          {
                            "port": 8080
                          }
                        ],
                        "timeout_seconds": 240
                      }
                    ],
                    "volume_mounts": [],
                    "working_dir": ""
                  }
                ],
                "encryption_key": "",
                "execution_environment": "",
                "labels": {},
                "max_instance_request_concurrency": 80,
                "revision": "",
                "scaling": [],
                "service_account": "insight-token-sa@creator-d4m-2026-1774038056.iam.gserviceaccount.com",
                "session_affinity": false,
                "timeout": "300s",
                "volumes": [],
                "vpc_access": []
              }
            ],
            "terminal_condition": [
              {
                "execution_reason": "",
                "last_transition_time": "2026-04-10T18:27:07.171771Z",
                "message": "",
                "reason": "",
                "revision_reason": "",
                "severity": "",
                "state": "CONDITION_SUCCEEDED",
                "type": "Ready"
              }
            ],
            "terraform_labels": {},
            "timeouts": null,
            "traffic": [
              {
                "percent": 100,
                "revision": "",
                "tag": "",
                "type": "TRAFFIC_TARGET_ALLOCATION_TYPE_LATEST"
              }
            ],
            "traffic_statuses": [
              {
                "percent": 100,
                "revision": "",
                "tag": "",
                "type": "TRAFFIC_TARGET_ALLOCATION_TYPE_LATEST",
                "uri": ""
              }
            ],
            "uid": "5014277c-b45e-4e27-98f7-37913cb1edd5",
            "update_time": "2026-04-10T18:26:43.871902Z",
            "uri": "https://insight-token-b5mjto3bjq-uc.a.run.app"
          },
          "sensitive_attributes": [],
          "identity_schema_version": 0,
          "private": "eyJlMmJmYjczMC1lY2FhLTExZTYtOGY4OC0zNDM2M2JjN2M0YzAiOnsiY3JlYXRlIjoxMjAwMDAwMDAwMDAwLCJkZWxldGUiOjEyMDAwMDAwMDAwMDAsInVwZGF0ZSI6MTIwMDAwMDAwMDAwMH19",
          "dependencies": [
            "google_service_account.insight_token"
          ]
        }
      ]
    },
    {
      "mode": "managed",
      "type": "google_cloud_run_v2_service_iam_member",
      "name": "pubsub_invoker",
      "provider": "provider[\"registry.terraform.io/hashicorp/google\"]",
      "instances": [
        {
          "schema_version": 0,
          "attributes": {
            "condition": [],
            "etag": "BwZPH0hKgBA=",
            "id": "projects/creator-d4m-2026-1774038056/locations/us-central1/services/insight-token/roles/run.invoker/serviceAccount:insight-token-sa@creator-d4m-2026-1774038056.iam.gserviceaccount.com",
            "location": "us-central1",
            "member": "serviceAccount:insight-token-sa@creator-d4m-2026-1774038056.iam.gserviceaccount.com",
            "name": "projects/creator-d4m-2026-1774038056/locations/us-central1/services/insight-token",
            "project": "creator-d4m-2026-1774038056",
            "role": "roles/run.invoker"
          },
          "sensitive_attributes": [],
          "identity_schema_version": 0,
          "private": "bnVsbA==",
          "dependencies": [
            "google_cloud_run_v2_service.insight_token",
            "google_service_account.insight_token"
          ]
        }
      ]
    },
    {
      "mode": "managed",
      "type": "google_project_iam_member",
      "name": "token_gcs",
      "provider": "provider[\"registry.terraform.io/hashicorp/google\"]",
      "instances": [
        {
          "schema_version": 0,
          "attributes": {
            "condition": [],
            "etag": "BwZPH0HScPY=",
            "id": "creator-d4m-2026-1774038056/roles/storage.objectAdmin/serviceAccount:insight-token-sa@creator-d4m-2026-1774038056.iam.gserviceaccount.com",
            "member": "serviceAccount:insight-token-sa@creator-d4m-2026-1774038056.iam.gserviceaccount.com",
            "project": "creator-d4m-2026-1774038056",
            "role": "roles/storage.objectAdmin"
          },
          "sensitive_attributes": [],
          "identity_schema_version": 0,
          "private": "bnVsbA==",
          "dependencies": [
            "google_service_account.insight_token"
          ]
        }
      ]
    },
    {
      "mode": "managed",
      "type": "google_project_iam_member",
      "name": "token_pubsub_subscriber",
      "provider": "provider[\"registry.terraform.io/hashicorp/google\"]",
      "instances": [
        {
          "schema_version": 0,
          "attributes": {
            "condition": [],
            "etag": "BwZPH0HScPY=",
            "id": "creator-d4m-2026-1774038056/roles/pubsub.subscriber/serviceAccount:insight-token-sa@creator-d4m-2026-1774038056.iam.gserviceaccount.com",
            "member": "serviceAccount:insight-token-sa@creator-d4m-2026-1774038056.iam.gserviceaccount.com",
            "project": "creator-d4m-2026-1774038056",
            "role": "roles/pubsub.subscriber"
          },
          "sensitive_attributes": [],
          "identity_schema_version": 0,
          "private": "bnVsbA==",
          "dependencies": [
            "google_service_account.insight_token"
          ]
        }
      ]
    },
    {
      "mode": "managed",
      "type": "google_pubsub_subscription",
      "name": "whisper_completion_sub",
      "provider": "provider[\"registry.terraform.io/hashicorp/google\"]",
      "instances": [
        {
          "schema_version": 0,
          "attributes": {
            "ack_deadline_seconds": 60,
            "bigquery_config": [],
            "cloud_storage_config": [],
            "dead_letter_policy": [],
            "effective_labels": {},
            "enable_exactly_once_delivery": false,
            "enable_message_ordering": false,
            "expiration_policy": [
              {
                "ttl": "2678400s"
              }
            ],
            "filter": "",
            "id": "projects/creator-d4m-2026-1774038056/subscriptions/whisper-completion-sub",
            "labels": {},
            "message_retention_duration": "604800s",
            "name": "whisper-completion-sub",
            "project": "creator-d4m-2026-1774038056",
            "push_config": [
              {
                "attributes": null,
                "no_wrapper": [],
                "oidc_token": [
                  {
                    "audience": "",
                    "service_account_email": "insight-token-sa@creator-d4m-2026-1774038056.iam.gserviceaccount.com"
                  }
                ],
                "push_endpoint": "https://insight-token-b5mjto3bjq-uc.a.run.app/pubsub/whisper-completion"
              }
            ],
            "retain_acked_messages": false,
            "retry_policy": [],
            "terraform_labels": {},
            "timeouts": null,
            "topic": "projects/creator-d4m-2026-1774038056/topics/whisper-completion"
          },
          "sensitive_attributes": [],
          "identity_schema_version": 0,
          "private": "eyJlMmJmYjczMC1lY2FhLTExZTYtOGY4OC0zNDM2M2JjN2M0YzAiOnsiY3JlYXRlIjoxMjAwMDAwMDAwMDAwLCJkZWxldGUiOjEyMDAwMDAwMDAwMDAsInVwZGF0ZSI6MTIwMDAwMDAwMDAwMH19",
          "dependencies": [
            "google_cloud_run_v2_service.insight_token",
            "google_service_account.insight_token"
          ]
        }
      ]
    },
    {
      "mode": "managed",
      "type": "google_service_account",
      "name": "insight_token",
      "provider": "provider[\"registry.terraform.io/hashicorp/google\"]",
      "instances": [
        {
          "schema_version": 0,
          "attributes": {
            "account_id": "insight-token-sa",
            "create_ignore_already_exists": null,
            "description": "",
            "disabled": false,
            "display_name": "InsightToken Service Account",
            "email": "insight-token-sa@creator-d4m-2026-1774038056.iam.gserviceaccount.com",
            "id": "projects/creator-d4m-2026-1774038056/serviceAccounts/insight-token-sa@creator-d4m-2026-1774038056.iam.gserviceaccount.com",
            "member": "serviceAccount:insight-token-sa@creator-d4m-2026-1774038056.iam.gserviceaccount.com",
            "name": "projects/creator-d4m-2026-1774038056/serviceAccounts/insight-token-sa@creator-d4m-2026-1774038056.iam.gserviceaccount.com",
            "project": "creator-d4m-2026-1774038056",
            "timeouts": null,
            "unique_id": "117274865092387025572"
          },
          "sensitive_attributes": [],
          "identity_schema_version": 0,
          "private": "eyJlMmJmYjczMC1lY2FhLTExZTYtOGY4OC0zNDM2M2JjN2M0YzAiOnsiY3JlYXRlIjozMDAwMDAwMDAwMDB9fQ=="
        }
      ]
    }
  ],
  "check_results": null
}
