{
  "version": 4,
  "terraform_version": "1.14.8",
  "serial": 8,
  "lineage": "51d3d767-8e28-043c-fa28-a94dccd0259a",
  "outputs": {},
  "resources": [
    {
      "mode": "managed",
      "type": "google_bigquery_table",
      "name": "whisper_completion",
      "provider": "provider[\"registry.terraform.io/hashicorp/google\"]",
      "instances": [
        {
          "schema_version": 0,
          "attributes": {
            "allow_resource_tags_on_deletion": false,
            "clustering": null,
            "creation_time": 1775743977902,
            "dataset_id": "insight_metadata",
            "deletion_protection": false,
            "description": "",
            "effective_labels": {},
            "encryption_configuration": [],
            "etag": "gaASYHfICfi+HzZ/8XCo4w==",
            "expiration_time": 0,
            "external_data_configuration": [],
            "friendly_name": "",
            "id": "projects/creator-d4m-2026-1774038056/datasets/insight_metadata/tables/whisper_completion",
            "labels": null,
            "last_modified_time": 1775743977963,
            "location": "us-central1",
            "materialized_view": [],
            "max_staleness": "",
            "num_bytes": 0,
            "num_long_term_bytes": 0,
            "num_rows": 0,
            "project": "creator-d4m-2026-1774038056",
            "range_partitioning": [],
            "require_partition_filter": false,
            "resource_tags": null,
            "schema": "[{\"description\":\"Unique identifier for the video\",\"mode\":\"REQUIRED\",\"name\":\"video_id\",\"type\":\"STRING\"},{\"description\":\"Processing status: completed, pending, or failed\",\"mode\":\"REQUIRED\",\"name\":\"status\",\"type\":\"STRING\"},{\"description\":\"GCS bucket where the output is stored\",\"mode\":\"REQUIRED\",\"name\":\"bucket\",\"type\":\"STRING\"},{\"description\":\"Path within the bucket to the transcription output file\",\"mode\":\"REQUIRED\",\"name\":\"output_path\",\"type\":\"STRING\"},{\"description\":\"ISO 8601 timestamp of when the result was recorded\",\"mode\":\"REQUIRED\",\"name\":\"timestamp\",\"type\":\"TIMESTAMP\"}]",
            "self_link": "https://bigquery.googleapis.com/bigquery/v2/projects/creator-d4m-2026-1774038056/datasets/insight_metadata/tables/whisper_completion",
            "table_constraints": [],
            "table_id": "whisper_completion",
            "table_replication_info": [],
            "terraform_labels": {},
            "time_partitioning": [],
            "type": "TABLE",
            "view": []
          },
          "sensitive_attributes": [],
          "identity_schema_version": 0,
          "private": "bnVsbA=="
        }
      ]
    },
    {
      "mode": "managed",
      "type": "google_cloud_run_v2_service",
      "name": "insight_store",
      "provider": "provider[\"registry.terraform.io/hashicorp/google\"]",
      "instances": [
        {
          "status": "tainted",
          "schema_version": 0,
          "attributes": {
            "annotations": null,
            "binary_authorization": [],
            "client": null,
            "client_version": null,
            "conditions": null,
            "create_time": null,
            "creator": null,
            "custom_audiences": null,
            "delete_time": null,
            "description": null,
            "effective_annotations": null,
            "effective_labels": null,
            "etag": null,
            "expire_time": null,
            "generation": null,
            "id": "projects/creator-d4m-2026-1774038056/locations/us-central1/services/insight-store",
            "ingress": null,
            "labels": null,
            "last_modifier": null,
            "latest_created_revision": null,
            "latest_ready_revision": null,
            "launch_stage": null,
            "location": "us-central1",
            "name": "insight-store",
            "observed_generation": null,
            "project": "creator-d4m-2026-1774038056",
            "reconciling": null,
            "template": [
              {
                "annotations": null,
                "containers": [
                  {
                    "args": null,
                    "command": null,
                    "depends_on": null,
                    "env": [
                      {
                        "name": "PYTHONUNBUFFERED",
                        "value": "1",
                        "value_source": []
                      },
                      {
                        "name": "BUCKET_NAME",
                        "value": "insightcircle_bucket",
                        "value_source": []
                      },
                      {
                        "name": "WHISPER_COMPLETION_SUBSCRIPTION",
                        "value": "projects/creator-d4m-2026-1774038056/subscriptions/whisper-completion-sub",
                        "value_source": []
                      }
                    ],
                    "image": "us-central1-docker.pkg.dev/creator-d4m-2026-1774038056/insight-repo/insight-store:latest",
                    "liveness_probe": [],
                    "name": "",
                    "ports": [
                      {
                        "container_port": 5203,
                        "name": ""
                      }
                    ],
                    "resources": [
                      {
                        "cpu_idle": false,
                        "limits": {
                          "cpu": "1",
                          "memory": "512Mi"
                        },
                        "startup_cpu_boost": false
                      }
                    ],
                    "startup_probe": [],
                    "volume_mounts": [],
                    "working_dir": ""
                  }
                ],
                "encryption_key": "",
                "execution_environment": "",
                "labels": null,
                "max_instance_request_concurrency": 0,
                "revision": "",
                "scaling": [],
                "service_account": "insight-store-sa@creator-d4m-2026-1774038056.iam.gserviceaccount.com",
                "session_affinity": false,
                "timeout": "",
                "volumes": [],
                "vpc_access": []
              }
            ],
            "terminal_condition": null,
            "terraform_labels": null,
            "timeouts": null,
            "traffic": null,
            "traffic_statuses": null,
            "uid": null,
            "update_time": null,
            "uri": null
          },
          "sensitive_attributes": [],
          "identity_schema_version": 0,
          "private": "eyJlMmJmYjczMC1lY2FhLTExZTYtOGY4OC0zNDM2M2JjN2M0YzAiOnsiY3JlYXRlIjoxMjAwMDAwMDAwMDAwLCJkZWxldGUiOjEyMDAwMDAwMDAwMDAsInVwZGF0ZSI6MTIwMDAwMDAwMDAwMH19",
          "dependencies": [
            "google_service_account.insight_store"
          ]
        }
      ]
    },
    {
      "mode": "managed",
      "type": "google_project_iam_member",
      "name": "store_bq",
      "provider": "provider[\"registry.terraform.io/hashicorp/google\"]",
      "instances": [
        {
          "schema_version": 0,
          "attributes": {
            "condition": [],
            "etag": "BwZPB545pj0=",
            "id": "creator-d4m-2026-1774038056/roles/bigquery.dataEditor/serviceAccount:insight-store-sa@creator-d4m-2026-1774038056.iam.gserviceaccount.com",
            "member": "serviceAccount:insight-store-sa@creator-d4m-2026-1774038056.iam.gserviceaccount.com",
            "project": "creator-d4m-2026-1774038056",
            "role": "roles/bigquery.dataEditor"
          },
          "sensitive_attributes": [],
          "identity_schema_version": 0,
          "private": "bnVsbA==",
          "dependencies": [
            "google_service_account.insight_store"
          ]
        }
      ]
    },
    {
      "mode": "managed",
      "type": "google_project_iam_member",
      "name": "store_gcs",
      "provider": "provider[\"registry.terraform.io/hashicorp/google\"]",
      "instances": [
        {
          "schema_version": 0,
          "attributes": {
            "condition": [],
            "etag": "BwZPB545pj0=",
            "id": "creator-d4m-2026-1774038056/roles/storage.objectAdmin/serviceAccount:insight-store-sa@creator-d4m-2026-1774038056.iam.gserviceaccount.com",
            "member": "serviceAccount:insight-store-sa@creator-d4m-2026-1774038056.iam.gserviceaccount.com",
            "project": "creator-d4m-2026-1774038056",
            "role": "roles/storage.objectAdmin"
          },
          "sensitive_attributes": [],
          "identity_schema_version": 0,
          "private": "bnVsbA==",
          "dependencies": [
            "google_service_account.insight_store"
          ]
        }
      ]
    },
    {
      "mode": "managed",
      "type": "google_project_iam_member",
      "name": "store_pubsub",
      "provider": "provider[\"registry.terraform.io/hashicorp/google\"]",
      "instances": [
        {
          "schema_version": 0,
          "attributes": {
            "condition": [],
            "etag": "BwZPB545pj0=",
            "id": "creator-d4m-2026-1774038056/roles/pubsub.subscriber/serviceAccount:insight-store-sa@creator-d4m-2026-1774038056.iam.gserviceaccount.com",
            "member": "serviceAccount:insight-store-sa@creator-d4m-2026-1774038056.iam.gserviceaccount.com",
            "project": "creator-d4m-2026-1774038056",
            "role": "roles/pubsub.subscriber"
          },
          "sensitive_attributes": [],
          "identity_schema_version": 0,
          "private": "bnVsbA==",
          "dependencies": [
            "google_service_account.insight_store"
          ]
        }
      ]
    },
    {
      "mode": "managed",
      "type": "google_pubsub_subscription",
      "name": "whisper_completion_sub",
      "provider": "provider[\"registry.terraform.io/hashicorp/google\"]",
      "instances": [
        {
          "schema_version": 0,
          "attributes": {
            "ack_deadline_seconds": 60,
            "bigquery_config": [],
            "cloud_storage_config": [],
            "dead_letter_policy": [],
            "effective_labels": {},
            "enable_exactly_once_delivery": false,
            "enable_message_ordering": false,
            "expiration_policy": [
              {
                "ttl": "2678400s"
              }
            ],
            "filter": "",
            "id": "projects/creator-d4m-2026-1774038056/subscriptions/whisper-completion-sub",
            "labels": null,
            "message_retention_duration": "604800s",
            "name": "whisper-completion-sub",
            "project": "creator-d4m-2026-1774038056",
            "push_config": [],
            "retain_acked_messages": false,
            "retry_policy": [],
            "terraform_labels": {},
            "timeouts": null,
            "topic": "projects/creator-d4m-2026-1774038056/topics/whisper-completion"
          },
          "sensitive_attributes": [],
          "identity_schema_version": 0,
          "private": "eyJlMmJmYjczMC1lY2FhLTExZTYtOGY4OC0zNDM2M2JjN2M0YzAiOnsiY3JlYXRlIjoxMjAwMDAwMDAwMDAwLCJkZWxldGUiOjEyMDAwMDAwMDAwMDAsInVwZGF0ZSI6MTIwMDAwMDAwMDAwMH19"
        }
      ]
    },
    {
      "mode": "managed",
      "type": "google_service_account",
      "name": "insight_store",
      "provider": "provider[\"registry.terraform.io/hashicorp/google\"]",
      "instances": [
        {
          "schema_version": 0,
          "attributes": {
            "account_id": "insight-store-sa",
            "create_ignore_already_exists": null,
            "description": "",
            "disabled": false,
            "display_name": "InsightStore Service Account",
            "email": "insight-store-sa@creator-d4m-2026-1774038056.iam.gserviceaccount.com",
            "id": "projects/creator-d4m-2026-1774038056/serviceAccounts/insight-store-sa@creator-d4m-2026-1774038056.iam.gserviceaccount.com",
            "member": "serviceAccount:insight-store-sa@creator-d4m-2026-1774038056.iam.gserviceaccount.com",
            "name": "projects/creator-d4m-2026-1774038056/serviceAccounts/insight-store-sa@creator-d4m-2026-1774038056.iam.gserviceaccount.com",
            "project": "creator-d4m-2026-1774038056",
            "timeouts": null,
            "unique_id": "107424319828707882953"
          },
          "sensitive_attributes": [],
          "identity_schema_version": 0,
          "private": "eyJlMmJmYjczMC1lY2FhLTExZTYtOGY4OC0zNDM2M2JjN2M0YzAiOnsiY3JlYXRlIjozMDAwMDAwMDAwMDB9fQ=="
        }
      ]
    }
  ],
  "check_results": null
}
