{
  "version": 4,
  "terraform_version": "1.14.8",
  "serial": 41,
  "lineage": "51d3d767-8e28-043c-fa28-a94dccd0259a",
  "outputs": {},
  "resources": [
    {
      "mode": "managed",
      "type": "google_bigquery_table",
      "name": "logs",
      "provider": "provider[\"registry.terraform.io/hashicorp/google\"]",
      "instances": [
        {
          "schema_version": 0,
          "attributes": {
            "allow_resource_tags_on_deletion": false,
            "clustering": null,
            "creation_time": 1779213143224,
            "dataset_id": "insight_metadata",
            "deletion_protection": false,
            "description": "",
            "effective_labels": {},
            "encryption_configuration": [],
            "etag": "uj1rjjU7rvTO1ZldsZ5fdA==",
            "expiration_time": 0,
            "external_data_configuration": [],
            "friendly_name": "",
            "id": "projects/creator-d4m-2026-1774038056/datasets/insight_metadata/tables/logs",
            "labels": {},
            "last_modified_time": 1779213143280,
            "location": "us-central1",
            "materialized_view": [],
            "max_staleness": "",
            "num_bytes": 0,
            "num_long_term_bytes": 0,
            "num_rows": 0,
            "project": "creator-d4m-2026-1774038056",
            "range_partitioning": [],
            "require_partition_filter": false,
            "resource_tags": {},
            "schema": "[{\"description\":\"Video identifier (anchor)\",\"mode\":\"REQUIRED\",\"name\":\"video_id\",\"type\":\"STRING\"},{\"description\":\"Assoc row key\",\"mode\":\"REQUIRED\",\"name\":\"row\",\"type\":\"STRING\"},{\"description\":\"Assoc column key\",\"mode\":\"REQUIRED\",\"name\":\"col\",\"type\":\"STRING\"},{\"description\":\"Assoc value\",\"mode\":\"REQUIRED\",\"name\":\"val\",\"type\":\"STRING\"},{\"description\":\"Ingestion timestamp\",\"mode\":\"REQUIRED\",\"name\":\"timestamp\",\"type\":\"TIMESTAMP\"}]",
            "self_link": "https://bigquery.googleapis.com/bigquery/v2/projects/creator-d4m-2026-1774038056/datasets/insight_metadata/tables/logs",
            "table_constraints": [],
            "table_id": "logs",
            "table_replication_info": [],
            "terraform_labels": {},
            "time_partitioning": [],
            "type": "TABLE",
            "view": []
          },
          "sensitive_attributes": [],
          "identity_schema_version": 0,
          "private": "bnVsbA=="
        }
      ]
    },
    {
      "mode": "managed",
      "type": "google_bigquery_table",
      "name": "ontology",
      "provider": "provider[\"registry.terraform.io/hashicorp/google\"]",
      "instances": [
        {
          "schema_version": 0,
          "attributes": {
            "allow_resource_tags_on_deletion": false,
            "clustering": null,
            "creation_time": 1776451793953,
            "dataset_id": "insight_metadata",
            "deletion_protection": false,
            "description": "",
            "effective_labels": {},
            "encryption_configuration": [],
            "etag": "0kovkutvYygqRCB6R3DzdA==",
            "expiration_time": 0,
            "external_data_configuration": [],
            "friendly_name": "",
            "id": "projects/creator-d4m-2026-1774038056/datasets/insight_metadata/tables/ontology",
            "labels": {},
            "last_modified_time": 1776807709770,
            "location": "us-central1",
            "materialized_view": [],
            "max_staleness": "",
            "num_bytes": 103638,
            "num_long_term_bytes": 0,
            "num_rows": 1373,
            "project": "creator-d4m-2026-1774038056",
            "range_partitioning": [],
            "require_partition_filter": false,
            "resource_tags": {},
            "schema": "[{\"description\":\"Video identifier (anchor)\",\"mode\":\"REQUIRED\",\"name\":\"video_id\",\"type\":\"STRING\"},{\"description\":\"Assoc row key\",\"mode\":\"REQUIRED\",\"name\":\"row\",\"type\":\"STRING\"},{\"description\":\"Assoc column key\",\"mode\":\"REQUIRED\",\"name\":\"col\",\"type\":\"STRING\"},{\"description\":\"Assoc value\",\"mode\":\"REQUIRED\",\"name\":\"val\",\"type\":\"STRING\"},{\"description\":\"Ingestion timestamp\",\"mode\":\"REQUIRED\",\"name\":\"timestamp\",\"type\":\"TIMESTAMP\"}]",
            "self_link": "https://bigquery.googleapis.com/bigquery/v2/projects/creator-d4m-2026-1774038056/datasets/insight_metadata/tables/ontology",
            "table_constraints": [],
            "table_id": "ontology",
            "table_replication_info": [],
            "terraform_labels": {},
            "time_partitioning": [],
            "type": "TABLE",
            "view": []
          },
          "sensitive_attributes": [],
          "identity_schema_version": 0,
          "private": "bnVsbA=="
        }
      ]
    },
    {
      "mode": "managed",
      "type": "google_bigquery_table",
      "name": "ontology_comments",
      "provider": "provider[\"registry.terraform.io/hashicorp/google\"]",
      "instances": [
        {
          "schema_version": 0,
          "attributes": {
            "allow_resource_tags_on_deletion": false,
            "clustering": null,
            "creation_time": 1779213143224,
            "dataset_id": "insight_metadata",
            "deletion_protection": false,
            "description": "",
            "effective_labels": {},
            "encryption_configuration": [],
            "etag": "hbXOde2xoJT2RqlV/KeGOQ==",
            "expiration_time": 0,
            "external_data_configuration": [],
            "friendly_name": "",
            "id": "projects/creator-d4m-2026-1774038056/datasets/insight_metadata/tables/ontology_comments",
            "labels": {},
            "last_modified_time": 1779213143280,
            "location": "us-central1",
            "materialized_view": [],
            "max_staleness": "",
            "num_bytes": 0,
            "num_long_term_bytes": 0,
            "num_rows": 0,
            "project": "creator-d4m-2026-1774038056",
            "range_partitioning": [],
            "require_partition_filter": false,
            "resource_tags": {},
            "schema": "[{\"description\":\"Video identifier (anchor)\",\"mode\":\"REQUIRED\",\"name\":\"video_id\",\"type\":\"STRING\"},{\"description\":\"Assoc row key\",\"mode\":\"REQUIRED\",\"name\":\"row\",\"type\":\"STRING\"},{\"description\":\"Assoc column key\",\"mode\":\"REQUIRED\",\"name\":\"col\",\"type\":\"STRING\"},{\"description\":\"Assoc value\",\"mode\":\"REQUIRED\",\"name\":\"val\",\"type\":\"STRING\"},{\"description\":\"Ingestion timestamp\",\"mode\":\"REQUIRED\",\"name\":\"timestamp\",\"type\":\"TIMESTAMP\"}]",
            "self_link": "https://bigquery.googleapis.com/bigquery/v2/projects/creator-d4m-2026-1774038056/datasets/insight_metadata/tables/ontology_comments",
            "table_constraints": [],
            "table_id": "ontology_comments",
            "table_replication_info": [],
            "terraform_labels": {},
            "time_partitioning": [],
            "type": "TABLE",
            "view": []
          },
          "sensitive_attributes": [],
          "identity_schema_version": 0,
          "private": "bnVsbA=="
        }
      ]
    },
    {
      "mode": "managed",
      "type": "google_bigquery_table",
      "name": "ontology_comments_gpc",
      "provider": "provider[\"registry.terraform.io/hashicorp/google\"]",
      "instances": [
        {
          "schema_version": 0,
          "attributes": {
            "allow_resource_tags_on_deletion": false,
            "clustering": null,
            "creation_time": 1779213143215,
            "dataset_id": "insight_metadata",
            "deletion_protection": false,
            "description": "",
            "effective_labels": {},
            "encryption_configuration": [],
            "etag": "8HsWv+9714aaVPjNnc684g==",
            "expiration_time": 0,
            "external_data_configuration": [],
            "friendly_name": "",
            "id": "projects/creator-d4m-2026-1774038056/datasets/insight_metadata/tables/ontology_comments_gpc",
            "labels": {},
            "last_modified_time": 1779213143281,
            "location": "us-central1",
            "materialized_view": [],
            "max_staleness": "",
            "num_bytes": 0,
            "num_long_term_bytes": 0,
            "num_rows": 0,
            "project": "creator-d4m-2026-1774038056",
            "range_partitioning": [],
            "require_partition_filter": false,
            "resource_tags": {},
            "schema": "[{\"description\":\"Video identifier (anchor)\",\"mode\":\"REQUIRED\",\"name\":\"video_id\",\"type\":\"STRING\"},{\"description\":\"Assoc row key\",\"mode\":\"REQUIRED\",\"name\":\"row\",\"type\":\"STRING\"},{\"description\":\"Assoc column key\",\"mode\":\"REQUIRED\",\"name\":\"col\",\"type\":\"STRING\"},{\"description\":\"Assoc value\",\"mode\":\"REQUIRED\",\"name\":\"val\",\"type\":\"STRING\"},{\"description\":\"Ingestion timestamp\",\"mode\":\"REQUIRED\",\"name\":\"timestamp\",\"type\":\"TIMESTAMP\"}]",
            "self_link": "https://bigquery.googleapis.com/bigquery/v2/projects/creator-d4m-2026-1774038056/datasets/insight_metadata/tables/ontology_comments_gpc",
            "table_constraints": [],
            "table_id": "ontology_comments_gpc",
            "table_replication_info": [],
            "terraform_labels": {},
            "time_partitioning": [],
            "type": "TABLE",
            "view": []
          },
          "sensitive_attributes": [],
          "identity_schema_version": 0,
          "private": "bnVsbA=="
        }
      ]
    },
    {
      "mode": "managed",
      "type": "google_bigquery_table",
      "name": "ontology_gpc",
      "provider": "provider[\"registry.terraform.io/hashicorp/google\"]",
      "instances": [
        {
          "schema_version": 0,
          "attributes": {
            "allow_resource_tags_on_deletion": false,
            "clustering": null,
            "creation_time": 1776451793951,
            "dataset_id": "insight_metadata",
            "deletion_protection": false,
            "description": "",
            "effective_labels": {},
            "encryption_configuration": [],
            "etag": "f60jJGEzY9RlQ6VtpsxFXg==",
            "expiration_time": 0,
            "external_data_configuration": [],
            "friendly_name": "",
            "id": "projects/creator-d4m-2026-1774038056/datasets/insight_metadata/tables/ontology_gpc",
            "labels": {},
            "last_modified_time": 1776807747097,
            "location": "us-central1",
            "materialized_view": [],
            "max_staleness": "",
            "num_bytes": 67358,
            "num_long_term_bytes": 0,
            "num_rows": 844,
            "project": "creator-d4m-2026-1774038056",
            "range_partitioning": [],
            "require_partition_filter": false,
            "resource_tags": {},
            "schema": "[{\"description\":\"Video identifier (anchor)\",\"mode\":\"REQUIRED\",\"name\":\"video_id\",\"type\":\"STRING\"},{\"description\":\"Assoc row key\",\"mode\":\"REQUIRED\",\"name\":\"row\",\"type\":\"STRING\"},{\"description\":\"Assoc column key\",\"mode\":\"REQUIRED\",\"name\":\"col\",\"type\":\"STRING\"},{\"description\":\"Assoc value\",\"mode\":\"REQUIRED\",\"name\":\"val\",\"type\":\"STRING\"},{\"description\":\"Ingestion timestamp\",\"mode\":\"REQUIRED\",\"name\":\"timestamp\",\"type\":\"TIMESTAMP\"}]",
            "self_link": "https://bigquery.googleapis.com/bigquery/v2/projects/creator-d4m-2026-1774038056/datasets/insight_metadata/tables/ontology_gpc",
            "table_constraints": [],
            "table_id": "ontology_gpc",
            "table_replication_info": [],
            "terraform_labels": {},
            "time_partitioning": [],
            "type": "TABLE",
            "view": []
          },
          "sensitive_attributes": [],
          "identity_schema_version": 0,
          "private": "bnVsbA=="
        }
      ]
    },
    {
      "mode": "managed",
      "type": "google_bigquery_table",
      "name": "ontology_threads",
      "provider": "provider[\"registry.terraform.io/hashicorp/google\"]",
      "instances": [
        {
          "schema_version": 0,
          "attributes": {
            "allow_resource_tags_on_deletion": false,
            "clustering": null,
            "creation_time": 1779213143255,
            "dataset_id": "insight_metadata",
            "deletion_protection": false,
            "description": "",
            "effective_labels": {},
            "encryption_configuration": [],
            "etag": "8xnlWOF63iSwux69I55V+g==",
            "expiration_time": 0,
            "external_data_configuration": [],
            "friendly_name": "",
            "id": "projects/creator-d4m-2026-1774038056/datasets/insight_metadata/tables/ontology_threads",
            "labels": {},
            "last_modified_time": 1779213143306,
            "location": "us-central1",
            "materialized_view": [],
            "max_staleness": "",
            "num_bytes": 0,
            "num_long_term_bytes": 0,
            "num_rows": 0,
            "project": "creator-d4m-2026-1774038056",
            "range_partitioning": [],
            "require_partition_filter": false,
            "resource_tags": {},
            "schema": "[{\"description\":\"Video identifier (anchor)\",\"mode\":\"REQUIRED\",\"name\":\"video_id\",\"type\":\"STRING\"},{\"description\":\"Assoc row key\",\"mode\":\"REQUIRED\",\"name\":\"row\",\"type\":\"STRING\"},{\"description\":\"Assoc column key\",\"mode\":\"REQUIRED\",\"name\":\"col\",\"type\":\"STRING\"},{\"description\":\"Assoc value\",\"mode\":\"REQUIRED\",\"name\":\"val\",\"type\":\"STRING\"},{\"description\":\"Ingestion timestamp\",\"mode\":\"REQUIRED\",\"name\":\"timestamp\",\"type\":\"TIMESTAMP\"}]",
            "self_link": "https://bigquery.googleapis.com/bigquery/v2/projects/creator-d4m-2026-1774038056/datasets/insight_metadata/tables/ontology_threads",
            "table_constraints": [],
            "table_id": "ontology_threads",
            "table_replication_info": [],
            "terraform_labels": {},
            "time_partitioning": [],
            "type": "TABLE",
            "view": []
          },
          "sensitive_attributes": [],
          "identity_schema_version": 0,
          "private": "bnVsbA=="
        }
      ]
    },
    {
      "mode": "managed",
      "type": "google_bigquery_table",
      "name": "ontology_threads_gpc",
      "provider": "provider[\"registry.terraform.io/hashicorp/google\"]",
      "instances": [
        {
          "schema_version": 0,
          "attributes": {
            "allow_resource_tags_on_deletion": false,
            "clustering": null,
            "creation_time": 1779213143258,
            "dataset_id": "insight_metadata",
            "deletion_protection": false,
            "description": "",
            "effective_labels": {},
            "encryption_configuration": [],
            "etag": "muUfLlJDDtqF3h9gnBS5zw==",
            "expiration_time": 0,
            "external_data_configuration": [],
            "friendly_name": "",
            "id": "projects/creator-d4m-2026-1774038056/datasets/insight_metadata/tables/ontology_threads_gpc",
            "labels": {},
            "last_modified_time": 1779213143306,
            "location": "us-central1",
            "materialized_view": [],
            "max_staleness": "",
            "num_bytes": 0,
            "num_long_term_bytes": 0,
            "num_rows": 0,
            "project": "creator-d4m-2026-1774038056",
            "range_partitioning": [],
            "require_partition_filter": false,
            "resource_tags": {},
            "schema": "[{\"description\":\"Video identifier (anchor)\",\"mode\":\"REQUIRED\",\"name\":\"video_id\",\"type\":\"STRING\"},{\"description\":\"Assoc row key\",\"mode\":\"REQUIRED\",\"name\":\"row\",\"type\":\"STRING\"},{\"description\":\"Assoc column key\",\"mode\":\"REQUIRED\",\"name\":\"col\",\"type\":\"STRING\"},{\"description\":\"Assoc value\",\"mode\":\"REQUIRED\",\"name\":\"val\",\"type\":\"STRING\"},{\"description\":\"Ingestion timestamp\",\"mode\":\"REQUIRED\",\"name\":\"timestamp\",\"type\":\"TIMESTAMP\"}]",
            "self_link": "https://bigquery.googleapis.com/bigquery/v2/projects/creator-d4m-2026-1774038056/datasets/insight_metadata/tables/ontology_threads_gpc",
            "table_constraints": [],
            "table_id": "ontology_threads_gpc",
            "table_replication_info": [],
            "terraform_labels": {},
            "time_partitioning": [],
            "type": "TABLE",
            "view": []
          },
          "sensitive_attributes": [],
          "identity_schema_version": 0,
          "private": "bnVsbA=="
        }
      ]
    },
    {
      "mode": "managed",
      "type": "google_bigquery_table",
      "name": "ontology_transcripts",
      "provider": "provider[\"registry.terraform.io/hashicorp/google\"]",
      "instances": [
        {
          "schema_version": 0,
          "attributes": {
            "allow_resource_tags_on_deletion": false,
            "clustering": null,
            "creation_time": 1779213143216,
            "dataset_id": "insight_metadata",
            "deletion_protection": false,
            "description": "",
            "effective_labels": {},
            "encryption_configuration": [],
            "etag": "WWEyaMwDZVwZzAwMnJn+cA==",
            "expiration_time": 0,
            "external_data_configuration": [],
            "friendly_name": "",
            "id": "projects/creator-d4m-2026-1774038056/datasets/insight_metadata/tables/ontology_transcripts",
            "labels": {},
            "last_modified_time": 1779213143280,
            "location": "us-central1",
            "materialized_view": [],
            "max_staleness": "",
            "num_bytes": 0,
            "num_long_term_bytes": 0,
            "num_rows": 0,
            "project": "creator-d4m-2026-1774038056",
            "range_partitioning": [],
            "require_partition_filter": false,
            "resource_tags": {},
            "schema": "[{\"description\":\"Video identifier (anchor)\",\"mode\":\"REQUIRED\",\"name\":\"video_id\",\"type\":\"STRING\"},{\"description\":\"Assoc row key\",\"mode\":\"REQUIRED\",\"name\":\"row\",\"type\":\"STRING\"},{\"description\":\"Assoc column key\",\"mode\":\"REQUIRED\",\"name\":\"col\",\"type\":\"STRING\"},{\"description\":\"Assoc value\",\"mode\":\"REQUIRED\",\"name\":\"val\",\"type\":\"STRING\"},{\"description\":\"Ingestion timestamp\",\"mode\":\"REQUIRED\",\"name\":\"timestamp\",\"type\":\"TIMESTAMP\"}]",
            "self_link": "https://bigquery.googleapis.com/bigquery/v2/projects/creator-d4m-2026-1774038056/datasets/insight_metadata/tables/ontology_transcripts",
            "table_constraints": [],
            "table_id": "ontology_transcripts",
            "table_replication_info": [],
            "terraform_labels": {},
            "time_partitioning": [],
            "type": "TABLE",
            "view": []
          },
          "sensitive_attributes": [],
          "identity_schema_version": 0,
          "private": "bnVsbA=="
        }
      ]
    },
    {
      "mode": "managed",
      "type": "google_bigquery_table",
      "name": "ontology_transcripts_gpc",
      "provider": "provider[\"registry.terraform.io/hashicorp/google\"]",
      "instances": [
        {
          "schema_version": 0,
          "attributes": {
            "allow_resource_tags_on_deletion": false,
            "clustering": null,
            "creation_time": 1779213143228,
            "dataset_id": "insight_metadata",
            "deletion_protection": false,
            "description": "",
            "effective_labels": {},
            "encryption_configuration": [],
            "etag": "WMpZCJdThwOuzFlm/9G0ew==",
            "expiration_time": 0,
            "external_data_configuration": [],
            "friendly_name": "",
            "id": "projects/creator-d4m-2026-1774038056/datasets/insight_metadata/tables/ontology_transcripts_gpc",
            "labels": {},
            "last_modified_time": 1779213143284,
            "location": "us-central1",
            "materialized_view": [],
            "max_staleness": "",
            "num_bytes": 0,
            "num_long_term_bytes": 0,
            "num_rows": 0,
            "project": "creator-d4m-2026-1774038056",
            "range_partitioning": [],
            "require_partition_filter": false,
            "resource_tags": {},
            "schema": "[{\"description\":\"Video identifier (anchor)\",\"mode\":\"REQUIRED\",\"name\":\"video_id\",\"type\":\"STRING\"},{\"description\":\"Assoc row key\",\"mode\":\"REQUIRED\",\"name\":\"row\",\"type\":\"STRING\"},{\"description\":\"Assoc column key\",\"mode\":\"REQUIRED\",\"name\":\"col\",\"type\":\"STRING\"},{\"description\":\"Assoc value\",\"mode\":\"REQUIRED\",\"name\":\"val\",\"type\":\"STRING\"},{\"description\":\"Ingestion timestamp\",\"mode\":\"REQUIRED\",\"name\":\"timestamp\",\"type\":\"TIMESTAMP\"}]",
            "self_link": "https://bigquery.googleapis.com/bigquery/v2/projects/creator-d4m-2026-1774038056/datasets/insight_metadata/tables/ontology_transcripts_gpc",
            "table_constraints": [],
            "table_id": "ontology_transcripts_gpc",
            "table_replication_info": [],
            "terraform_labels": {},
            "time_partitioning": [],
            "type": "TABLE",
            "view": []
          },
          "sensitive_attributes": [],
          "identity_schema_version": 0,
          "private": "bnVsbA=="
        }
      ]
    },
    {
      "mode": "managed",
      "type": "google_bigquery_table",
      "name": "token_completion",
      "provider": "provider[\"registry.terraform.io/hashicorp/google\"]",
      "instances": [
        {
          "schema_version": 0,
          "attributes": {
            "allow_resource_tags_on_deletion": false,
            "clustering": null,
            "creation_time": 1775921393691,
            "dataset_id": "insight_metadata",
            "deletion_protection": false,
            "description": "",
            "effective_labels": {},
            "encryption_configuration": [],
            "etag": "Uj7m6XnoAbL0kEJ5RhbqBA==",
            "expiration_time": 0,
            "external_data_configuration": [],
            "friendly_name": "",
            "id": "projects/creator-d4m-2026-1774038056/datasets/insight_metadata/tables/token_completion",
            "labels": {},
            "last_modified_time": 1776807621738,
            "location": "us-central1",
            "materialized_view": [],
            "max_staleness": "",
            "num_bytes": 513337,
            "num_long_term_bytes": 0,
            "num_rows": 13142,
            "project": "creator-d4m-2026-1774038056",
            "range_partitioning": [],
            "require_partition_filter": false,
            "resource_tags": {},
            "schema": "[{\"description\":\"Unique identifier for the video\",\"mode\":\"REQUIRED\",\"name\":\"video_id\",\"type\":\"STRING\"},{\"description\":\"Processing status: completed or failed\",\"mode\":\"REQUIRED\",\"name\":\"status\",\"type\":\"STRING\"},{\"description\":\"Number of tokens produced\",\"mode\":\"REQUIRED\",\"name\":\"token_count\",\"type\":\"INTEGER\"},{\"description\":\"GCS path to the token file\",\"mode\":\"REQUIRED\",\"name\":\"gcs_out\",\"type\":\"STRING\"},{\"description\":\"ISO 8601 timestamp of when tokenization completed\",\"mode\":\"REQUIRED\",\"name\":\"timestamp\",\"type\":\"TIMESTAMP\"}]",
            "self_link": "https://bigquery.googleapis.com/bigquery/v2/projects/creator-d4m-2026-1774038056/datasets/insight_metadata/tables/token_completion",
            "table_constraints": [],
            "table_id": "token_completion",
            "table_replication_info": [],
            "terraform_labels": {},
            "time_partitioning": [],
            "type": "TABLE",
            "view": []
          },
          "sensitive_attributes": [],
          "identity_schema_version": 0,
          "private": "bnVsbA=="
        }
      ]
    },
    {
      "mode": "managed",
      "type": "google_bigquery_table",
      "name": "tokens",
      "provider": "provider[\"registry.terraform.io/hashicorp/google\"]",
      "instances": [
        {
          "schema_version": 0,
          "attributes": {
            "allow_resource_tags_on_deletion": false,
            "clustering": null,
            "creation_time": 1776451793923,
            "dataset_id": "insight_metadata",
            "deletion_protection": false,
            "description": "",
            "effective_labels": {},
            "encryption_configuration": [],
            "etag": "Up4eeNzCyVk2ZuNLUt5R/A==",
            "expiration_time": 0,
            "external_data_configuration": [],
            "friendly_name": "",
            "id": "projects/creator-d4m-2026-1774038056/datasets/insight_metadata/tables/tokens",
            "labels": {},
            "last_modified_time": 1776807619358,
            "location": "us-central1",
            "materialized_view": [],
            "max_staleness": "",
            "num_bytes": 789247,
            "num_long_term_bytes": 0,
            "num_rows": 18215,
            "project": "creator-d4m-2026-1774038056",
            "range_partitioning": [],
            "require_partition_filter": false,
            "resource_tags": {},
            "schema": "[{\"description\":\"Video identifier (anchor)\",\"mode\":\"REQUIRED\",\"name\":\"video_id\",\"type\":\"STRING\"},{\"description\":\"Assoc row key\",\"mode\":\"REQUIRED\",\"name\":\"row\",\"type\":\"STRING\"},{\"description\":\"Assoc column key\",\"mode\":\"REQUIRED\",\"name\":\"col\",\"type\":\"STRING\"},{\"description\":\"Assoc value\",\"mode\":\"REQUIRED\",\"name\":\"val\",\"type\":\"STRING\"},{\"description\":\"Ingestion timestamp\",\"mode\":\"REQUIRED\",\"name\":\"timestamp\",\"type\":\"TIMESTAMP\"}]",
            "self_link": "https://bigquery.googleapis.com/bigquery/v2/projects/creator-d4m-2026-1774038056/datasets/insight_metadata/tables/tokens",
            "table_constraints": [],
            "table_id": "tokens",
            "table_replication_info": [],
            "terraform_labels": {},
            "time_partitioning": [],
            "type": "TABLE",
            "view": []
          },
          "sensitive_attributes": [],
          "identity_schema_version": 0,
          "private": "bnVsbA=="
        }
      ]
    },
    {
      "mode": "managed",
      "type": "google_bigquery_table",
      "name": "whisper_completion",
      "provider": "provider[\"registry.terraform.io/hashicorp/google\"]",
      "instances": [
        {
          "schema_version": 0,
          "attributes": {
            "allow_resource_tags_on_deletion": false,
            "clustering": null,
            "creation_time": 1775743977902,
            "dataset_id": "insight_metadata",
            "deletion_protection": false,
            "description": "",
            "effective_labels": {},
            "encryption_configuration": [],
            "etag": "gaASYHfICfi+HzZ/8XCo4w==",
            "expiration_time": 0,
            "external_data_configuration": [],
            "friendly_name": "",
            "id": "projects/creator-d4m-2026-1774038056/datasets/insight_metadata/tables/whisper_completion",
            "labels": {},
            "last_modified_time": 1776804294145,
            "location": "us-central1",
            "materialized_view": [],
            "max_staleness": "",
            "num_bytes": 8945749,
            "num_long_term_bytes": 0,
            "num_rows": 168777,
            "project": "creator-d4m-2026-1774038056",
            "range_partitioning": [],
            "require_partition_filter": false,
            "resource_tags": {},
            "schema": "[{\"description\":\"Unique identifier for the video\",\"mode\":\"REQUIRED\",\"name\":\"video_id\",\"type\":\"STRING\"},{\"description\":\"Processing status: completed, pending, or failed\",\"mode\":\"REQUIRED\",\"name\":\"status\",\"type\":\"STRING\"},{\"description\":\"GCS bucket where the output is stored\",\"mode\":\"REQUIRED\",\"name\":\"bucket\",\"type\":\"STRING\"},{\"description\":\"Path within the bucket to the transcription output file\",\"mode\":\"REQUIRED\",\"name\":\"output_path\",\"type\":\"STRING\"},{\"description\":\"ISO 8601 timestamp of when the result was recorded\",\"mode\":\"REQUIRED\",\"name\":\"timestamp\",\"type\":\"TIMESTAMP\"}]",
            "self_link": "https://bigquery.googleapis.com/bigquery/v2/projects/creator-d4m-2026-1774038056/datasets/insight_metadata/tables/whisper_completion",
            "table_constraints": [],
            "table_id": "whisper_completion",
            "table_replication_info": [],
            "terraform_labels": {},
            "time_partitioning": [],
            "type": "TABLE",
            "view": []
          },
          "sensitive_attributes": [],
          "identity_schema_version": 0,
          "private": "bnVsbA=="
        }
      ]
    },
    {
      "mode": "managed",
      "type": "google_cloud_run_v2_service_iam_member",
      "name": "pubsub_invoker",
      "provider": "provider[\"registry.terraform.io/hashicorp/google\"]",
      "instances": [
        {
          "schema_version": 0,
          "attributes": {
            "condition": [],
            "etag": "BwZPMUKcKJs=",
            "id": "projects/creator-d4m-2026-1774038056/locations/us-central1/services/insight-store/roles/run.invoker/serviceAccount:insight-store-sa@creator-d4m-2026-1774038056.iam.gserviceaccount.com",
            "location": "us-central1",
            "member": "serviceAccount:insight-store-sa@creator-d4m-2026-1774038056.iam.gserviceaccount.com",
            "name": "projects/creator-d4m-2026-1774038056/locations/us-central1/services/insight-store",
            "project": "creator-d4m-2026-1774038056",
            "role": "roles/run.invoker"
          },
          "sensitive_attributes": [],
          "identity_schema_version": 0,
          "private": "bnVsbA==",
          "dependencies": [
            "google_service_account.insight_store"
          ]
        }
      ]
    },
    {
      "mode": "managed",
      "type": "google_project_iam_member",
      "name": "store_bq",
      "provider": "provider[\"registry.terraform.io/hashicorp/google\"]",
      "instances": [
        {
          "schema_version": 0,
          "attributes": {
            "condition": [],
            "etag": "BwZSLqxSJPY=",
            "id": "creator-d4m-2026-1774038056/roles/bigquery.dataEditor/serviceAccount:insight-store-sa@creator-d4m-2026-1774038056.iam.gserviceaccount.com",
            "member": "serviceAccount:insight-store-sa@creator-d4m-2026-1774038056.iam.gserviceaccount.com",
            "project": "creator-d4m-2026-1774038056",
            "role": "roles/bigquery.dataEditor"
          },
          "sensitive_attributes": [],
          "identity_schema_version": 0,
          "private": "bnVsbA==",
          "dependencies": [
            "google_service_account.insight_store"
          ]
        }
      ]
    },
    {
      "mode": "managed",
      "type": "google_project_iam_member",
      "name": "store_gcs",
      "provider": "provider[\"registry.terraform.io/hashicorp/google\"]",
      "instances": [
        {
          "schema_version": 0,
          "attributes": {
            "condition": [],
            "etag": "BwZSLqxSJPY=",
            "id": "creator-d4m-2026-1774038056/roles/storage.objectAdmin/serviceAccount:insight-store-sa@creator-d4m-2026-1774038056.iam.gserviceaccount.com",
            "member": "serviceAccount:insight-store-sa@creator-d4m-2026-1774038056.iam.gserviceaccount.com",
            "project": "creator-d4m-2026-1774038056",
            "role": "roles/storage.objectAdmin"
          },
          "sensitive_attributes": [],
          "identity_schema_version": 0,
          "private": "bnVsbA==",
          "dependencies": [
            "google_service_account.insight_store"
          ]
        }
      ]
    },
    {
      "mode": "managed",
      "type": "google_project_iam_member",
      "name": "store_pubsub_subscriber",
      "provider": "provider[\"registry.terraform.io/hashicorp/google\"]",
      "instances": [
        {
          "schema_version": 0,
          "attributes": {
            "condition": [],
            "etag": "BwZSLqxSJPY=",
            "id": "creator-d4m-2026-1774038056/roles/pubsub.subscriber/serviceAccount:insight-store-sa@creator-d4m-2026-1774038056.iam.gserviceaccount.com",
            "member": "serviceAccount:insight-store-sa@creator-d4m-2026-1774038056.iam.gserviceaccount.com",
            "project": "creator-d4m-2026-1774038056",
            "role": "roles/pubsub.subscriber"
          },
          "sensitive_attributes": [],
          "identity_schema_version": 0,
          "private": "bnVsbA==",
          "dependencies": [
            "google_service_account.insight_store"
          ]
        }
      ]
    },
    {
      "mode": "managed",
      "type": "google_pubsub_subscription",
      "name": "aa_ingest_sub",
      "provider": "provider[\"registry.terraform.io/hashicorp/google\"]",
      "instances": [
        {
          "schema_version": 0,
          "attributes": {
            "ack_deadline_seconds": 60,
            "bigquery_config": [],
            "cloud_storage_config": [],
            "dead_letter_policy": [],
            "effective_labels": {},
            "enable_exactly_once_delivery": false,
            "enable_message_ordering": false,
            "expiration_policy": [
              {
                "ttl": "2678400s"
              }
            ],
            "filter": "",
            "id": "projects/creator-d4m-2026-1774038056/subscriptions/aa-ingest-sub",
            "labels": {},
            "message_retention_duration": "604800s",
            "name": "aa-ingest-sub",
            "project": "creator-d4m-2026-1774038056",
            "push_config": [],
            "retain_acked_messages": false,
            "retry_policy": [],
            "terraform_labels": {},
            "timeouts": null,
            "topic": "projects/creator-d4m-2026-1774038056/topics/aa-ingest"
          },
          "sensitive_attributes": [],
          "identity_schema_version": 0,
          "private": "eyJlMmJmYjczMC1lY2FhLTExZTYtOGY4OC0zNDM2M2JjN2M0YzAiOnsiY3JlYXRlIjoxMjAwMDAwMDAwMDAwLCJkZWxldGUiOjEyMDAwMDAwMDAwMDAsInVwZGF0ZSI6MTIwMDAwMDAwMDAwMH19"
        }
      ]
    },
    {
      "mode": "managed",
      "type": "google_pubsub_subscription",
      "name": "store_ontology_completion_sub",
      "provider": "provider[\"registry.terraform.io/hashicorp/google\"]",
      "instances": [
        {
          "schema_version": 0,
          "attributes": {
            "ack_deadline_seconds": 60,
            "bigquery_config": [],
            "cloud_storage_config": [],
            "dead_letter_policy": [],
            "effective_labels": {},
            "enable_exactly_once_delivery": false,
            "enable_message_ordering": false,
            "expiration_policy": [
              {
                "ttl": "2678400s"
              }
            ],
            "filter": "",
            "id": "projects/creator-d4m-2026-1774038056/subscriptions/store-ontology-completion-sub",
            "labels": {},
            "message_retention_duration": "604800s",
            "name": "store-ontology-completion-sub",
            "project": "creator-d4m-2026-1774038056",
            "push_config": [
              {
                "attributes": {},
                "no_wrapper": [],
                "oidc_token": [
                  {
                    "audience": "",
                    "service_account_email": "insight-store-sa@creator-d4m-2026-1774038056.iam.gserviceaccount.com"
                  }
                ],
                "push_endpoint": "https://insight-store-b5mjto3bjq-uc.a.run.app/pubsub/ontology-completion"
              }
            ],
            "retain_acked_messages": false,
            "retry_policy": [],
            "terraform_labels": {},
            "timeouts": null,
            "topic": "projects/creator-d4m-2026-1774038056/topics/ontology-completion"
          },
          "sensitive_attributes": [],
          "identity_schema_version": 0,
          "private": "eyJlMmJmYjczMC1lY2FhLTExZTYtOGY4OC0zNDM2M2JjN2M0YzAiOnsiY3JlYXRlIjoxMjAwMDAwMDAwMDAwLCJkZWxldGUiOjEyMDAwMDAwMDAwMDAsInVwZGF0ZSI6MTIwMDAwMDAwMDAwMH19",
          "dependencies": [
            "google_service_account.insight_store"
          ]
        }
      ]
    },
    {
      "mode": "managed",
      "type": "google_pubsub_subscription",
      "name": "store_token_completion_sub",
      "provider": "provider[\"registry.terraform.io/hashicorp/google\"]",
      "instances": [
        {
          "schema_version": 0,
          "attributes": {
            "ack_deadline_seconds": 60,
            "bigquery_config": [],
            "cloud_storage_config": [],
            "dead_letter_policy": [],
            "effective_labels": {},
            "enable_exactly_once_delivery": false,
            "enable_message_ordering": false,
            "expiration_policy": [
              {
                "ttl": "2678400s"
              }
            ],
            "filter": "",
            "id": "projects/creator-d4m-2026-1774038056/subscriptions/store-token-completion-sub",
            "labels": {},
            "message_retention_duration": "604800s",
            "name": "store-token-completion-sub",
            "project": "creator-d4m-2026-1774038056",
            "push_config": [
              {
                "attributes": {},
                "no_wrapper": [],
                "oidc_token": [
                  {
                    "audience": "",
                    "service_account_email": "insight-store-sa@creator-d4m-2026-1774038056.iam.gserviceaccount.com"
                  }
                ],
                "push_endpoint": "https://insight-store-b5mjto3bjq-uc.a.run.app/pubsub/token-completion"
              }
            ],
            "retain_acked_messages": false,
            "retry_policy": [],
            "terraform_labels": {},
            "timeouts": null,
            "topic": "projects/creator-d4m-2026-1774038056/topics/token-completion"
          },
          "sensitive_attributes": [],
          "identity_schema_version": 0,
          "private": "eyJlMmJmYjczMC1lY2FhLTExZTYtOGY4OC0zNDM2M2JjN2M0YzAiOnsiY3JlYXRlIjoxMjAwMDAwMDAwMDAwLCJkZWxldGUiOjEyMDAwMDAwMDAwMDAsInVwZGF0ZSI6MTIwMDAwMDAwMDAwMH19",
          "dependencies": [
            "google_service_account.insight_store"
          ]
        }
      ]
    },
    {
      "mode": "managed",
      "type": "google_pubsub_subscription",
      "name": "store_whisper_completion_sub",
      "provider": "provider[\"registry.terraform.io/hashicorp/google\"]",
      "instances": [
        {
          "schema_version": 0,
          "attributes": {
            "ack_deadline_seconds": 60,
            "bigquery_config": [],
            "cloud_storage_config": [],
            "dead_letter_policy": [],
            "effective_labels": {},
            "enable_exactly_once_delivery": false,
            "enable_message_ordering": false,
            "expiration_policy": [
              {
                "ttl": "2678400s"
              }
            ],
            "filter": "",
            "id": "projects/creator-d4m-2026-1774038056/subscriptions/store-whisper-completion-sub",
            "labels": {},
            "message_retention_duration": "604800s",
            "name": "store-whisper-completion-sub",
            "project": "creator-d4m-2026-1774038056",
            "push_config": [
              {
                "attributes": {},
                "no_wrapper": [],
                "oidc_token": [
                  {
                    "audience": "",
                    "service_account_email": "insight-store-sa@creator-d4m-2026-1774038056.iam.gserviceaccount.com"
                  }
                ],
                "push_endpoint": "https://insight-store-b5mjto3bjq-uc.a.run.app/pubsub/whisper-completion"
              }
            ],
            "retain_acked_messages": false,
            "retry_policy": [],
            "terraform_labels": {},
            "timeouts": null,
            "topic": "projects/creator-d4m-2026-1774038056/topics/whisper-completion"
          },
          "sensitive_attributes": [],
          "identity_schema_version": 0,
          "private": "eyJlMmJmYjczMC1lY2FhLTExZTYtOGY4OC0zNDM2M2JjN2M0YzAiOnsiY3JlYXRlIjoxMjAwMDAwMDAwMDAwLCJkZWxldGUiOjEyMDAwMDAwMDAwMDAsInVwZGF0ZSI6MTIwMDAwMDAwMDAwMH19",
          "dependencies": [
            "google_service_account.insight_store"
          ]
        }
      ]
    },
    {
      "mode": "managed",
      "type": "google_service_account",
      "name": "insight_store",
      "provider": "provider[\"registry.terraform.io/hashicorp/google\"]",
      "instances": [
        {
          "schema_version": 0,
          "attributes": {
            "account_id": "insight-store-sa",
            "create_ignore_already_exists": null,
            "description": "",
            "disabled": false,
            "display_name": "InsightStore Service Account",
            "email": "insight-store-sa@creator-d4m-2026-1774038056.iam.gserviceaccount.com",
            "id": "projects/creator-d4m-2026-1774038056/serviceAccounts/insight-store-sa@creator-d4m-2026-1774038056.iam.gserviceaccount.com",
            "member": "serviceAccount:insight-store-sa@creator-d4m-2026-1774038056.iam.gserviceaccount.com",
            "name": "projects/creator-d4m-2026-1774038056/serviceAccounts/insight-store-sa@creator-d4m-2026-1774038056.iam.gserviceaccount.com",
            "project": "creator-d4m-2026-1774038056",
            "timeouts": null,
            "unique_id": "107424319828707882953"
          },
          "sensitive_attributes": [],
          "identity_schema_version": 0,
          "private": "eyJlMmJmYjczMC1lY2FhLTExZTYtOGY4OC0zNDM2M2JjN2M0YzAiOnsiY3JlYXRlIjozMDAwMDAwMDAwMDB9fQ=="
        }
      ]
    }
  ],
  "check_results": null
}
